
Microsoft Visual Studio Solution File, Format Version 12.00
# Visual Studio Version 16
VisualStudioVersion = 16.0.31019.35
MinimumVisualStudioVersion = 10.0.40219.1
Project("{2150E333-8FDC-42A3-9474-1A3956D46DE8}") = "src", "src", "{220408B8-FEF8-468B-A028-A1A9FFBA9B82}"
EndProject
Project("{2150E333-8FDC-42A3-9474-1A3956D46DE8}") = "1 - Services", "1 - Services", "{7FAAEF8D-69BC-4B6D-A05D-CB8D71F82211}"
EndProject
Project("{2150E333-8FDC-42A3-9474-1A3956D46DE8}") = "2 - Application", "2 - Application", "{E9752F84-50B6-43DA-99D3-1DDA8B17D9D9}"
EndProject
Project("{2150E333-8FDC-42A3-9474-1A3956D46DE8}") = "3 - Domain", "3 - Domain", "{A2BCB846-6F4B-49B3-8852-B473309BA97B}"
EndProject
Project("{2150E333-8FDC-42A3-9474-1A3956D46DE8}") = "4 - Infra", "4 - Infra", "{1599033E-6D0A-4D63-B319-0826EE0DC00B}"
EndProject
Project("{FAE04EC0-301F-11D3-BF4B-00C04F79EFBC}") = "Back.Api", "src\Back.Api\Back.Api.csproj", "{E9874AD4-90B0-4B6C-B240-908AA61D56ED}"
EndProject
Project("{FAE04EC0-301F-11D3-BF4B-00C04F79EFBC}") = "Back.Application", "src\Back.Application\Back.Application.csproj", "{0A252E88-1B09-48E1-9021-F5EEE2A75DDA}"
EndProject
Project("{FAE04EC0-301F-11D3-BF4B-00C04F79EFBC}") = "Back.Infrastructure", "src\Back.Infrastructure\Back.Infrastructure.csproj", "{CFC3F444-5484-4CCA-B6E0-48053808CD7D}"
EndProject
Project("{FAE04EC0-301F-11D3-BF4B-00C04F79EFBC}") = "Back.Domain.Core", "src\Back.Domain.Core\Back.Domain.Core.csproj", "{C7FFAB93-BC4E-4E6E-A74B-67DD8D5141CE}"
EndProject
Project("{FAE04EC0-301F-11D3-BF4B-00C04F79EFBC}") = "Back.Domain", "src\Back.Domain\Back.Domain.csproj", "{C63A47BC-1A74-4FA9-B6AE-777F5CE25DED}"
EndProject
Project("{2150E333-8FDC-42A3-9474-1A3956D46DE8}") = "tests", "tests", "{926734A6-30D9-4946-B874-90E5D9AB3FF8}"
EndProject
Project("{FAE04EC0-301F-11D3-BF4B-00C04F79EFBC}") = "Back.Api.UnitTests", "tests\Back.Api.UnitTests\Back.Api.UnitTests.csproj", "{D74A4DE7-6E19-48CF-A51E-215B4F0A1201}"
EndProject
Global
	GlobalSection(SolutionConfigurationPlatforms) = preSolution
		Debug|Any CPU = Debug|Any CPU
		Release|Any CPU = Release|Any CPU
	EndGlobalSection
	GlobalSection(ProjectConfigurationPlatforms) = postSolution
		{E9874AD4-90B0-4B6C-B240-908AA61D56ED}.Debug|Any CPU.ActiveCfg = Debug|Any CPU
		{E9874AD4-90B0-4B6C-B240-908AA61D56ED}.Debug|Any CPU.Build.0 = Debug|Any CPU
		{E9874AD4-90B0-4B6C-B240-908AA61D56ED}.Release|Any CPU.ActiveCfg = Release|Any CPU
		{E9874AD4-90B0-4B6C-B240-908AA61D56ED}.Release|Any CPU.Build.0 = Release|Any CPU
		{0A252E88-1B09-48E1-9021-F5EEE2A75DDA}.Debug|Any CPU.ActiveCfg = Debug|Any CPU
		{0A252E88-1B09-48E1-9021-F5EEE2A75DDA}.Debug|Any CPU.Build.0 = Debug|Any CPU
		{0A252E88-1B09-48E1-9021-F5EEE2A75DDA}.Release|Any CPU.ActiveCfg = Release|Any CPU
		{0A252E88-1B09-48E1-9021-F5EEE2A75DDA}.Release|Any CPU.Build.0 = Release|Any CPU
		{CFC3F444-5484-4CCA-B6E0-48053808CD7D}.Debug|Any CPU.ActiveCfg = Debug|Any CPU
		{CFC3F444-5484-4CCA-B6E0-48053808CD7D}.Debug|Any CPU.Build.0 = Debug|Any CPU
		{CFC3F444-5484-4CCA-B6E0-48053808CD7D}.Release|Any CPU.ActiveCfg = Release|Any CPU
		{CFC3F444-5484-4CCA-B6E0-48053808CD7D}.Release|Any CPU.Build.0 = Release|Any CPU
		{C7FFAB93-BC4E-4E6E-A74B-67DD8D5141CE}.Debug|Any CPU.ActiveCfg = Debug|Any CPU
		{C7FFAB93-BC4E-4E6E-A74B-67DD8D5141CE}.Debug|Any CPU.Build.0 = Debug|Any CPU
		{C7FFAB93-BC4E-4E6E-A74B-67DD8D5141CE}.Release|Any CPU.ActiveCfg = Release|Any CPU
		{C7FFAB93-BC4E-4E6E-A74B-67DD8D5141CE}.Release|Any CPU.Build.0 = Release|Any CPU
		{C63A47BC-1A74-4FA9-B6AE-777F5CE25DED}.Debug|Any CPU.ActiveCfg = Debug|Any CPU
		{C63A47BC-1A74-4FA9-B6AE-777F5CE25DED}.Debug|Any CPU.Build.0 = Debug|Any CPU
		{C63A47BC-1A74-4FA9-B6AE-777F5CE25DED}.Release|Any CPU.ActiveCfg = Release|Any CPU
		{C63A47BC-1A74-4FA9-B6AE-777F5CE25DED}.Release|Any CPU.Build.0 = Release|Any CPU
		{D74A4DE7-6E19-48CF-A51E-215B4F0A1201}.Debug|Any CPU.ActiveCfg = Debug|Any CPU
		{D74A4DE7-6E19-48CF-A51E-215B4F0A1201}.Debug|Any CPU.Build.0 = Debug|Any CPU
		{D74A4DE7-6E19-48CF-A51E-215B4F0A1201}.Release|Any CPU.ActiveCfg = Release|Any CPU
		{D74A4DE7-6E19-48CF-A51E-215B4F0A1201}.Release|Any CPU.Build.0 = Release|Any CPU
	EndGlobalSection
	GlobalSection(SolutionProperties) = preSolution
		HideSolutionNode = FALSE
	EndGlobalSection
	GlobalSection(NestedProjects) = preSolution
		{7FAAEF8D-69BC-4B6D-A05D-CB8D71F82211} = {220408B8-FEF8-468B-A028-A1A9FFBA9B82}
		{E9752F84-50B6-43DA-99D3-1DDA8B17D9D9} = {220408B8-FEF8-468B-A028-A1A9FFBA9B82}
		{A2BCB846-6F4B-49B3-8852-B473309BA97B} = {220408B8-FEF8-468B-A028-A1A9FFBA9B82}
		{1599033E-6D0A-4D63-B319-0826EE0DC00B} = {220408B8-FEF8-468B-A028-A1A9FFBA9B82}
		{E9874AD4-90B0-4B6C-B240-908AA61D56ED} = {7FAAEF8D-69BC-4B6D-A05D-CB8D71F82211}
		{0A252E88-1B09-48E1-9021-F5EEE2A75DDA} = {E9752F84-50B6-43DA-99D3-1DDA8B17D9D9}
		{CFC3F444-5484-4CCA-B6E0-48053808CD7D} = {1599033E-6D0A-4D63-B319-0826EE0DC00B}
		{C7FFAB93-BC4E-4E6E-A74B-67DD8D5141CE} = {A2BCB846-6F4B-49B3-8852-B473309BA97B}
		{C63A47BC-1A74-4FA9-B6AE-777F5CE25DED} = {A2BCB846-6F4B-49B3-8852-B473309BA97B}
		{D74A4DE7-6E19-48CF-A51E-215B4F0A1201} = {926734A6-30D9-4946-B874-90E5D9AB3FF8}
	EndGlobalSection
	GlobalSection(ExtensibilityGlobals) = postSolution
		SolutionGuid = {ED6A707A-40AA-42B7-B200-0B8000C06902}
	EndGlobalSection
EndGlobal
